
Microsoft Visual Studio Solution File, Format Version 12.00
Project("{FAE04EC0-301F-11D3-BF4B-00C04F79EFBC}") = "LoopsBencmark", "LoopsBencmark\LoopsBencmark.csproj", "{3A70DE73-822F-487C-A21D-33F10BD3A762}"
EndProject
Global
	GlobalSection(SolutionConfigurationPlatforms) = preSolution
		Debug|Any CPU = Debug|Any CPU
		Release|Any CPU = Release|Any CPU
	EndGlobalSection
	GlobalSection(ProjectConfigurationPlatforms) = postSolution
		{3A70DE73-822F-487C-A21D-33F10BD3A762}.Debug|Any CPU.ActiveCfg = Debug|Any CPU
		{3A70DE73-822F-487C-A21D-33F10BD3A762}.Debug|Any CPU.Build.0 = Debug|Any CPU
		{3A70DE73-822F-487C-A21D-33F10BD3A762}.Release|Any CPU.ActiveCfg = Release|Any CPU
		{3A70DE73-822F-487C-A21D-33F10BD3A762}.Release|Any CPU.Build.0 = Release|Any CPU
	EndGlobalSection
EndGlobal
